
Microsoft Visual Studio Solution File, Format Version 12.00
# Visual Studio Version 17
VisualStudioVersion = 17.0.31717.71
MinimumVisualStudioVersion = 10.0.40219.1
Project("{5C8AD75A-00E9-44CC-A5B2-234E3E8DCF84}") = "QYBlog.Server", "Server\QYBlog.Server.csproj", "{CE71CCC8-981B-4943-A6DC-E87169604487}"
EndProject
Project("{5C8AD75A-00E9-44CC-A5B2-234E3E8DCF84}") = "QYBlog.Client", "Client\QYBlog.Client.csproj", "{594B3415-AC52-426A-A7A5-DEAEC5A2D563}"
EndProject
Project("{5C8AD75A-00E9-44CC-A5B2-234E3E8DCF84}") = "QYBlog.Shared", "Shared\QYBlog.Shared.csproj", "{BE2E1F46-C6A1-4599-A003-2E6B2F32B7D5}"
EndProject
Global
	GlobalSection(SolutionConfigurationPlatforms) = preSolution
		Debug|Any CPU = Debug|Any CPU
		Release|Any CPU = Release|Any CPU
	EndGlobalSection
	GlobalSection(ProjectConfigurationPlatforms) = postSolution
		{CE71CCC8-981B-4943-A6DC-E87169604487}.Debug|Any CPU.ActiveCfg = Debug|Any CPU
		{CE71CCC8-981B-4943-A6DC-E87169604487}.Debug|Any CPU.Build.0 = Debug|Any CPU
		{CE71CCC8-981B-4943-A6DC-E87169604487}.Release|Any CPU.ActiveCfg = Release|Any CPU
		{CE71CCC8-981B-4943-A6DC-E87169604487}.Release|Any CPU.Build.0 = Release|Any CPU
		{594B3415-AC52-426A-A7A5-DEAEC5A2D563}.Debug|Any CPU.ActiveCfg = Debug|Any CPU
		{594B3415-AC52-426A-A7A5-DEAEC5A2D563}.Debug|Any CPU.Build.0 = Debug|Any CPU
		{594B3415-AC52-426A-A7A5-DEAEC5A2D563}.Release|Any CPU.ActiveCfg = Release|Any CPU
		{594B3415-AC52-426A-A7A5-DEAEC5A2D563}.Release|Any CPU.Build.0 = Release|Any CPU
		{BE2E1F46-C6A1-4599-A003-2E6B2F32B7D5}.Debug|Any CPU.ActiveCfg = Debug|Any CPU
		{BE2E1F46-C6A1-4599-A003-2E6B2F32B7D5}.Debug|Any CPU.Build.0 = Debug|Any CPU
		{BE2E1F46-C6A1-4599-A003-2E6B2F32B7D5}.Release|Any CPU.ActiveCfg = Release|Any CPU
		{BE2E1F46-C6A1-4599-A003-2E6B2F32B7D5}.Release|Any CPU.Build.0 = Release|Any CPU
	EndGlobalSection
	GlobalSection(SolutionProperties) = preSolution
		HideSolutionNode = FALSE
	EndGlobalSection
	GlobalSection(ExtensibilityGlobals) = postSolution
		SolutionGuid = {02C79C8E-7807-47AD-8585-590AB8BE5B0F}
	EndGlobalSection
EndGlobal